
Microsoft Visual Studio Solution File, Format Version 12.00
# Visual Studio 15
VisualStudioVersion = 15.0.26730.8
MinimumVisualStudioVersion = 10.0.40219.1
Project("{FAE04EC0-301F-11D3-BF4B-00C04F79EFBC}") = "DiagnostisktProv", "DiagnostisktProv\DiagnostisktProv.csproj", "{3582D528-78EF-4545-B139-B740828C3DC4}"
EndProject
Global
	GlobalSection(SolutionConfigurationPlatforms) = preSolution
		Debug|Any CPU = Debug|Any CPU
		Release|Any CPU = Release|Any CPU
	EndGlobalSection
	GlobalSection(ProjectConfigurationPlatforms) = postSolution
		{3582D528-78EF-4545-B139-B740828C3DC4}.Debug|Any CPU.ActiveCfg = Debug|Any CPU
		{3582D528-78EF-4545-B139-B740828C3DC4}.Debug|Any CPU.Build.0 = Debug|Any CPU
		{3582D528-78EF-4545-B139-B740828C3DC4}.Release|Any CPU.ActiveCfg = Release|Any CPU
		{3582D528-78EF-4545-B139-B740828C3DC4}.Release|Any CPU.Build.0 = Release|Any CPU
	EndGlobalSection
	GlobalSection(SolutionProperties) = preSolution
		HideSolutionNode = FALSE
	EndGlobalSection
	GlobalSection(ExtensibilityGlobals) = postSolution
		SolutionGuid = {18231225-A8F1-4B2A-B645-D7FF15B8153F}
	EndGlobalSection
EndGlobal
